
Microsoft Visual Studio Solution File, Format Version 12.00
# Visual Studio Version 16
VisualStudioVersion = 16.0.30320.27
MinimumVisualStudioVersion = 10.0.40219.1
Project("{FAE04EC0-301F-11D3-BF4B-00C04F79EFBC}") = "NHKit", "src\NHKit\NHKit.csproj", "{E4672FE1-8D5F-47F1-B7A8-AE6F8DB1B8E0}"
EndProject
Project("{FAE04EC0-301F-11D3-BF4B-00C04F79EFBC}") = "NHKit.Tests", "tests\NHKit.Tests\NHKit.Tests.csproj", "{01A628F0-73D4-459E-96C1-A535BCC50335}"
EndProject
Global
	GlobalSection(SolutionConfigurationPlatforms) = preSolution
		Debug|Any CPU = Debug|Any CPU
		Release|Any CPU = Release|Any CPU
	EndGlobalSection
	GlobalSection(ProjectConfigurationPlatforms) = postSolution
		{E4672FE1-8D5F-47F1-B7A8-AE6F8DB1B8E0}.Debug|Any CPU.ActiveCfg = Debug|Any CPU
		{E4672FE1-8D5F-47F1-B7A8-AE6F8DB1B8E0}.Debug|Any CPU.Build.0 = Debug|Any CPU
		{E4672FE1-8D5F-47F1-B7A8-AE6F8DB1B8E0}.Release|Any CPU.ActiveCfg = Release|Any CPU
		{E4672FE1-8D5F-47F1-B7A8-AE6F8DB1B8E0}.Release|Any CPU.Build.0 = Release|Any CPU
		{01A628F0-73D4-459E-96C1-A535BCC50335}.Debug|Any CPU.ActiveCfg = Debug|Any CPU
		{01A628F0-73D4-459E-96C1-A535BCC50335}.Debug|Any CPU.Build.0 = Debug|Any CPU
		{01A628F0-73D4-459E-96C1-A535BCC50335}.Release|Any CPU.ActiveCfg = Release|Any CPU
		{01A628F0-73D4-459E-96C1-A535BCC50335}.Release|Any CPU.Build.0 = Release|Any CPU
	EndGlobalSection
	GlobalSection(SolutionProperties) = preSolution
		HideSolutionNode = FALSE
	EndGlobalSection
	GlobalSection(ExtensibilityGlobals) = postSolution
		SolutionGuid = {45C4E541-EFB1-4164-9576-F55E5E22EAB1}
	EndGlobalSection
EndGlobal
